
Microsoft Visual Studio Solution File, Format Version 12.00
# Visual Studio Version 17
VisualStudioVersion = 17.10.35027.167
MinimumVisualStudioVersion = 10.0.40219.1
Project("{FAE04EC0-301F-11D3-BF4B-00C04F79EFBC}") = "PatikaWeek8PratikAsp.NetCoreEmpty", "PatikaWeek8PratikAsp.NetCoreEmpty\PatikaWeek8PratikAsp.NetCoreEmpty.csproj", "{970331F0-7EB8-4070-A8B5-2ED4B7DB4EAA}"
EndProject
Global
	GlobalSection(SolutionConfigurationPlatforms) = preSolution
		Debug|Any CPU = Debug|Any CPU
		Release|Any CPU = Release|Any CPU
	EndGlobalSection
	GlobalSection(ProjectConfigurationPlatforms) = postSolution
		{970331F0-7EB8-4070-A8B5-2ED4B7DB4EAA}.Debug|Any CPU.ActiveCfg = Debug|Any CPU
		{970331F0-7EB8-4070-A8B5-2ED4B7DB4EAA}.Debug|Any CPU.Build.0 = Debug|Any CPU
		{970331F0-7EB8-4070-A8B5-2ED4B7DB4EAA}.Release|Any CPU.ActiveCfg = Release|Any CPU
		{970331F0-7EB8-4070-A8B5-2ED4B7DB4EAA}.Release|Any CPU.Build.0 = Release|Any CPU
	EndGlobalSection
	GlobalSection(SolutionProperties) = preSolution
		HideSolutionNode = FALSE
	EndGlobalSection
	GlobalSection(ExtensibilityGlobals) = postSolution
		SolutionGuid = {361BD12B-CB28-4BD1-B8FF-86F3E10818B5}
	EndGlobalSection
EndGlobal
